// !$*UTF8*$!
{
	archiveVersion = 1;
	classes = {
	};
	objectVersion = 50;
	objects = {

/* Begin PBXBuildFile section */
		2728D792A97D428D88733E59 /* libPods-JXNetworking.a in Frameworks */ = {isa = PBXBuildFile; fileRef = A472871FE32200CDB7DF2BCB /* libPods-JXNetworking.a */; };
		780F8EBC209D8DE30004918B /* JXDiskCacheManager.m in Sources */ = {isa = PBXBuildFile; fileRef = 780F8EBB209D8DE30004918B /* JXDiskCacheManager.m */; };
		780F8EC0209D9F9C0004918B /* NSDictionary+JXNetworking.m in Sources */ = {isa = PBXBuildFile; fileRef = 780F8EBF209D9F9C0004918B /* NSDictionary+JXNetworking.m */; };
		780F8EC8209FF0E00004918B /* JXDemoService.m in Sources */ = {isa = PBXBuildFile; fileRef = 780F8EC7209FF0E00004918B /* JXDemoService.m */; };
		780F8ECC209FF3A30004918B /* Target_JXDemoService.m in Sources */ = {isa = PBXBuildFile; fileRef = 780F8ECB209FF3A30004918B /* Target_JXDemoService.m */; };
		7812B699209C358B00A5CE33 /* JXLogger.m in Sources */ = {isa = PBXBuildFile; fileRef = 7812B698209C358B00A5CE33 /* JXLogger.m */; };
		78275CB1209BFE2500CE63A8 /* AppDelegate.m in Sources */ = {isa = PBXBuildFile; fileRef = 78275CB0209BFE2500CE63A8 /* AppDelegate.m */; };
		78275CB4209BFE2500CE63A8 /* ViewController.m in Sources */ = {isa = PBXBuildFile; fileRef = 78275CB3209BFE2500CE63A8 /* ViewController.m */; };
		78275CB7209BFE2500CE63A8 /* Main.storyboard in Resources */ = {isa = PBXBuildFile; fileRef = 78275CB5209BFE2500CE63A8 /* Main.storyboard */; };
		78275CB9209BFE2600CE63A8 /* Assets.xcassets in Resources */ = {isa = PBXBuildFile; fileRef = 78275CB8209BFE2600CE63A8 /* Assets.xcassets */; };
		78275CBC209BFE2600CE63A8 /* LaunchScreen.storyboard in Resources */ = {isa = PBXBuildFile; fileRef = 78275CBA209BFE2600CE63A8 /* LaunchScreen.storyboard */; };
		78275CBF209BFE2600CE63A8 /* main.m in Sources */ = {isa = PBXBuildFile; fileRef = 78275CBE209BFE2600CE63A8 /* main.m */; };
		78275CC9209BFE2600CE63A8 /* JXNetworkingTests.m in Sources */ = {isa = PBXBuildFile; fileRef = 78275CC8209BFE2600CE63A8 /* JXNetworkingTests.m */; };
		78275CD9209BFF4300CE63A8 /* JXResponseObject.m in Sources */ = {isa = PBXBuildFile; fileRef = 78275CD8209BFF4300CE63A8 /* JXResponseObject.m */; };
		78275CDD209C01E100CE63A8 /* JXAPIProxy.m in Sources */ = {isa = PBXBuildFile; fileRef = 78275CDC209C01E100CE63A8 /* JXAPIProxy.m */; };
		78BD70B1209C3D26007F44BA /* JXServiceFactory.m in Sources */ = {isa = PBXBuildFile; fileRef = 78BD70B0209C3D26007F44BA /* JXServiceFactory.m */; };
		78BD70B6209C45D0007F44BA /* JXBaseAPIManager.m in Sources */ = {isa = PBXBuildFile; fileRef = 78BD70B5209C45D0007F44BA /* JXBaseAPIManager.m */; };
		78BD70BA209C62C8007F44BA /* JXCacheProxy.m in Sources */ = {isa = PBXBuildFile; fileRef = 78BD70B9209C62C8007F44BA /* JXCacheProxy.m */; };
		78BD70C2209C6BDE007F44BA /* NSURLRequest+JXNetworking.m in Sources */ = {isa = PBXBuildFile; fileRef = 78BD70C1209C6BDE007F44BA /* NSURLRequest+JXNetworking.m */; };
		78ECB10220A58F400088B73B /* JXDemoManager.m in Sources */ = {isa = PBXBuildFile; fileRef = 78ECB10120A58F400088B73B /* JXDemoManager.m */; };
		78ECB10520A58F520088B73B /* JXPageableDemoManager.m in Sources */ = {isa = PBXBuildFile; fileRef = 78ECB10420A58F520088B73B /* JXPageableDemoManager.m */; };
		78ECB10D20A92ED10088B73B /* JXPageableDemoDataReformer.m in Sources */ = {isa = PBXBuildFile; fileRef = 78ECB10C20A92ED10088B73B /* JXPageableDemoDataReformer.m */; };
		78ECB11020A92FAA0088B73B /* UIScrollView+PullUp.m in Sources */ = {isa = PBXBuildFile; fileRef = 78ECB10F20A92FAA0088B73B /* UIScrollView+PullUp.m */; };
		78ECB11420A932810088B73B /* JXDemoViewModel.m in Sources */ = {isa = PBXBuildFile; fileRef = 78ECB11320A932810088B73B /* JXDemoViewModel.m */; };
		78ECB11920A969C60088B73B /* JXDemoCell.m in Sources */ = {isa = PBXBuildFile; fileRef = 78ECB11720A969C60088B73B /* JXDemoCell.m */; };
		78ECB12120A992170088B73B /* JXNetworking+Reactive.m in Sources */ = {isa = PBXBuildFile; fileRef = 78ECB12020A992170088B73B /* JXNetworking+Reactive.m */; };
		FB1F509220C3BF31009E5897 /* JXMemoryCacheManager.m in Sources */ = {isa = PBXBuildFile; fileRef = FB1F509120C3BF31009E5897 /* JXMemoryCacheManager.m */; };
		FB1F509620C3BF72009E5897 /* JXMemoryCacheRecord.m in Sources */ = {isa = PBXBuildFile; fileRef = FB1F509520C3BF72009E5897 /* JXMemoryCacheRecord.m */; };
/* End PBXBuildFile section */

/* Begin PBXContainerItemProxy section */
		78275CC5209BFE2600CE63A8 /* PBXContainerItemProxy */ = {
			isa = PBXContainerItemProxy;
			containerPortal = 78275CA4209BFE2500CE63A8 /* Project object */;
			proxyType = 1;
			remoteGlobalIDString = 78275CAB209BFE2500CE63A8;
			remoteInfo = JXNetworking;
		};
/* End PBXContainerItemProxy section */

/* Begin PBXFileReference section */
		2A1A860960D908591A18DA87 /* Pods-JXNetworking.debug.xcconfig */ = {isa = PBXFileReference; includeInIndex = 1; lastKnownFileType = text.xcconfig; name = "Pods-JXNetworking.debug.xcconfig"; path = "Pods/Target Support Files/Pods-JXNetworking/Pods-JXNetworking.debug.xcconfig"; sourceTree = "<group>"; };
		780F8EBA209D8DE30004918B /* JXDiskCacheManager.h */ = {isa = PBXFileReference; lastKnownFileType = sourcecode.c.h; path = JXDiskCacheManager.h; sourceTree = "<group>"; };
		780F8EBB209D8DE30004918B /* JXDiskCacheManager.m */ = {isa = PBXFileReference; lastKnownFileType = sourcecode.c.objc; path = JXDiskCacheManager.m; sourceTree = "<group>"; };
		780F8EBE209D9F9C0004918B /* NSDictionary+JXNetworking.h */ = {isa = PBXFileReference; lastKnownFileType = sourcecode.c.h; path = "NSDictionary+JXNetworking.h"; sourceTree = "<group>"; };
		780F8EBF209D9F9C0004918B /* NSDictionary+JXNetworking.m */ = {isa = PBXFileReference; lastKnownFileType = sourcecode.c.objc; path = "NSDictionary+JXNetworking.m"; sourceTree = "<group>"; };
		780F8EC6209FF0E00004918B /* JXDemoService.h */ = {isa = PBXFileReference; lastKnownFileType = sourcecode.c.h; path = JXDemoService.h; sourceTree = "<group>"; };
		780F8EC7209FF0E00004918B /* JXDemoService.m */ = {isa = PBXFileReference; lastKnownFileType = sourcecode.c.objc; path = JXDemoService.m; sourceTree = "<group>"; };
		780F8EC9209FF1000004918B /* JXNetworking.h */ = {isa = PBXFileReference; lastKnownFileType = sourcecode.c.h; path = JXNetworking.h; sourceTree = "<group>"; };
		780F8ECA209FF3A30004918B /* Target_JXDemoService.h */ = {isa = PBXFileReference; lastKnownFileType = sourcecode.c.h; path = Target_JXDemoService.h; sourceTree = "<group>"; };
		780F8ECB209FF3A30004918B /* Target_JXDemoService.m */ = {isa = PBXFileReference; lastKnownFileType = sourcecode.c.objc; path = Target_JXDemoService.m; sourceTree = "<group>"; };
		7812B697209C358B00A5CE33 /* JXLogger.h */ = {isa = PBXFileReference; lastKnownFileType = sourcecode.c.h; path = JXLogger.h; sourceTree = "<group>"; };
		7812B698209C358B00A5CE33 /* JXLogger.m */ = {isa = PBXFileReference; lastKnownFileType = sourcecode.c.objc; path = JXLogger.m; sourceTree = "<group>"; };
		7812B69C209C363A00A5CE33 /* JXNetworkingDefines.h */ = {isa = PBXFileReference; lastKnownFileType = sourcecode.c.h; path = JXNetworkingDefines.h; sourceTree = "<group>"; };
		78275CAC209BFE2500CE63A8 /* JXNetworking.app */ = {isa = PBXFileReference; explicitFileType = wrapper.application; includeInIndex = 0; path = JXNetworking.app; sourceTree = BUILT_PRODUCTS_DIR; };
		78275CAF209BFE2500CE63A8 /* AppDelegate.h */ = {isa = PBXFileReference; lastKnownFileType = sourcecode.c.h; path = AppDelegate.h; sourceTree = "<group>"; };
		78275CB0209BFE2500CE63A8 /* AppDelegate.m */ = {isa = PBXFileReference; lastKnownFileType = sourcecode.c.objc; path = AppDelegate.m; sourceTree = "<group>"; };
		78275CB2209BFE2500CE63A8 /* ViewController.h */ = {isa = PBXFileReference; lastKnownFileType = sourcecode.c.h; path = ViewController.h; sourceTree = "<group>"; };
		78275CB3209BFE2500CE63A8 /* ViewController.m */ = {isa = PBXFileReference; lastKnownFileType = sourcecode.c.objc; path = ViewController.m; sourceTree = "<group>"; };
		78275CB6209BFE2500CE63A8 /* Base */ = {isa = PBXFileReference; lastKnownFileType = file.storyboard; name = Base; path = Base.lproj/Main.storyboard; sourceTree = "<group>"; };
		78275CB8209BFE2600CE63A8 /* Assets.xcassets */ = {isa = PBXFileReference; lastKnownFileType = folder.assetcatalog; path = Assets.xcassets; sourceTree = "<group>"; };
		78275CBB209BFE2600CE63A8 /* Base */ = {isa = PBXFileReference; lastKnownFileType = file.storyboard; name = Base; path = Base.lproj/LaunchScreen.storyboard; sourceTree = "<group>"; };
		78275CBD209BFE2600CE63A8 /* Info.plist */ = {isa = PBXFileReference; lastKnownFileType = text.plist.xml; path = Info.plist; sourceTree = "<group>"; };
		78275CBE209BFE2600CE63A8 /* main.m */ = {isa = PBXFileReference; lastKnownFileType = sourcecode.c.objc; path = main.m; sourceTree = "<group>"; };
		78275CC4209BFE2600CE63A8 /* JXNetworkingTests.xctest */ = {isa = PBXFileReference; explicitFileType = wrapper.cfbundle; includeInIndex = 0; path = JXNetworkingTests.xctest; sourceTree = BUILT_PRODUCTS_DIR; };
		78275CC8209BFE2600CE63A8 /* JXNetworkingTests.m */ = {isa = PBXFileReference; lastKnownFileType = sourcecode.c.objc; path = JXNetworkingTests.m; sourceTree = "<group>"; };
		78275CCA209BFE2600CE63A8 /* Info.plist */ = {isa = PBXFileReference; lastKnownFileType = text.plist.xml; path = Info.plist; sourceTree = "<group>"; };
		78275CD7209BFF4300CE63A8 /* JXResponseObject.h */ = {isa = PBXFileReference; lastKnownFileType = sourcecode.c.h; path = JXResponseObject.h; sourceTree = "<group>"; };
		78275CD8209BFF4300CE63A8 /* JXResponseObject.m */ = {isa = PBXFileReference; lastKnownFileType = sourcecode.c.objc; path = JXResponseObject.m; sourceTree = "<group>"; };
		78275CDB209C01E100CE63A8 /* JXAPIProxy.h */ = {isa = PBXFileReference; lastKnownFileType = sourcecode.c.h; path = JXAPIProxy.h; sourceTree = "<group>"; };
		78275CDC209C01E100CE63A8 /* JXAPIProxy.m */ = {isa = PBXFileReference; lastKnownFileType = sourcecode.c.objc; path = JXAPIProxy.m; sourceTree = "<group>"; };
		78BD70AC209C3AF2007F44BA /* JXServiceProtocol.h */ = {isa = PBXFileReference; lastKnownFileType = sourcecode.c.h; path = JXServiceProtocol.h; sourceTree = "<group>"; };
		78BD70AF209C3D26007F44BA /* JXServiceFactory.h */ = {isa = PBXFileReference; lastKnownFileType = sourcecode.c.h; path = JXServiceFactory.h; sourceTree = "<group>"; };
		78BD70B0209C3D26007F44BA /* JXServiceFactory.m */ = {isa = PBXFileReference; lastKnownFileType = sourcecode.c.objc; path = JXServiceFactory.m; sourceTree = "<group>"; };
		78BD70B4209C45D0007F44BA /* JXBaseAPIManager.h */ = {isa = PBXFileReference; lastKnownFileType = sourcecode.c.h; path = JXBaseAPIManager.h; sourceTree = "<group>"; };
		78BD70B5209C45D0007F44BA /* JXBaseAPIManager.m */ = {isa = PBXFileReference; lastKnownFileType = sourcecode.c.objc; path = JXBaseAPIManager.m; sourceTree = "<group>"; };
		78BD70B8209C62C8007F44BA /* JXCacheProxy.h */ = {isa = PBXFileReference; lastKnownFileType = sourcecode.c.h; path = JXCacheProxy.h; sourceTree = "<group>"; };
		78BD70B9209C62C8007F44BA /* JXCacheProxy.m */ = {isa = PBXFileReference; lastKnownFileType = sourcecode.c.objc; path = JXCacheProxy.m; sourceTree = "<group>"; };
		78BD70C0209C6BDE007F44BA /* NSURLRequest+JXNetworking.h */ = {isa = PBXFileReference; lastKnownFileType = sourcecode.c.h; path = "NSURLRequest+JXNetworking.h"; sourceTree = "<group>"; };
		78BD70C1209C6BDE007F44BA /* NSURLRequest+JXNetworking.m */ = {isa = PBXFileReference; lastKnownFileType = sourcecode.c.objc; path = "NSURLRequest+JXNetworking.m"; sourceTree = "<group>"; };
		78ECB10020A58F400088B73B /* JXDemoManager.h */ = {isa = PBXFileReference; lastKnownFileType = sourcecode.c.h; path = JXDemoManager.h; sourceTree = "<group>"; };
		78ECB10120A58F400088B73B /* JXDemoManager.m */ = {isa = PBXFileReference; lastKnownFileType = sourcecode.c.objc; path = JXDemoManager.m; sourceTree = "<group>"; };
		78ECB10320A58F520088B73B /* JXPageableDemoManager.h */ = {isa = PBXFileReference; lastKnownFileType = sourcecode.c.h; path = JXPageableDemoManager.h; sourceTree = "<group>"; };
		78ECB10420A58F520088B73B /* JXPageableDemoManager.m */ = {isa = PBXFileReference; lastKnownFileType = sourcecode.c.objc; path = JXPageableDemoManager.m; sourceTree = "<group>"; };
		78ECB10B20A92ED10088B73B /* JXPageableDemoDataReformer.h */ = {isa = PBXFileReference; lastKnownFileType = sourcecode.c.h; path = JXPageableDemoDataReformer.h; sourceTree = "<group>"; };
		78ECB10C20A92ED10088B73B /* JXPageableDemoDataReformer.m */ = {isa = PBXFileReference; lastKnownFileType = sourcecode.c.objc; path = JXPageableDemoDataReformer.m; sourceTree = "<group>"; };
		78ECB10E20A92FAA0088B73B /* UIScrollView+PullUp.h */ = {isa = PBXFileReference; fileEncoding = 4; lastKnownFileType = sourcecode.c.h; path = "UIScrollView+PullUp.h"; sourceTree = "<group>"; };
		78ECB10F20A92FAA0088B73B /* UIScrollView+PullUp.m */ = {isa = PBXFileReference; fileEncoding = 4; lastKnownFileType = sourcecode.c.objc; path = "UIScrollView+PullUp.m"; sourceTree = "<group>"; };
		78ECB11220A932810088B73B /* JXDemoViewModel.h */ = {isa = PBXFileReference; lastKnownFileType = sourcecode.c.h; path = JXDemoViewModel.h; sourceTree = "<group>"; };
		78ECB11320A932810088B73B /* JXDemoViewModel.m */ = {isa = PBXFileReference; lastKnownFileType = sourcecode.c.objc; path = JXDemoViewModel.m; sourceTree = "<group>"; };
		78ECB11620A969C60088B73B /* JXDemoCell.h */ = {isa = PBXFileReference; lastKnownFileType = sourcecode.c.h; path = JXDemoCell.h; sourceTree = "<group>"; };
		78ECB11720A969C60088B73B /* JXDemoCell.m */ = {isa = PBXFileReference; lastKnownFileType = sourcecode.c.objc; path = JXDemoCell.m; sourceTree = "<group>"; };
		78ECB11F20A992170088B73B /* JXNetworking+Reactive.h */ = {isa = PBXFileReference; lastKnownFileType = sourcecode.c.h; path = "JXNetworking+Reactive.h"; sourceTree = "<group>"; };
		78ECB12020A992170088B73B /* JXNetworking+Reactive.m */ = {isa = PBXFileReference; lastKnownFileType = sourcecode.c.objc; path = "JXNetworking+Reactive.m"; sourceTree = "<group>"; };
		A472871FE32200CDB7DF2BCB /* libPods-JXNetworking.a */ = {isa = PBXFileReference; explicitFileType = archive.ar; includeInIndex = 0; path = "libPods-JXNetworking.a"; sourceTree = BUILT_PRODUCTS_DIR; };
		A4BA113CCA1BBF2ACB9FF669 /* Pods-JXNetworking.release.xcconfig */ = {isa = PBXFileReference; includeInIndex = 1; lastKnownFileType = text.xcconfig; name = "Pods-JXNetworking.release.xcconfig"; path = "Pods/Target Support Files/Pods-JXNetworking/Pods-JXNetworking.release.xcconfig"; sourceTree = "<group>"; };
		FB1F509020C3BF31009E5897 /* JXMemoryCacheManager.h */ = {isa = PBXFileReference; lastKnownFileType = sourcecode.c.h; path = JXMemoryCacheManager.h; sourceTree = "<group>"; };
		FB1F509120C3BF31009E5897 /* JXMemoryCacheManager.m */ = {isa = PBXFileReference; lastKnownFileType = sourcecode.c.objc; path = JXMemoryCacheManager.m; sourceTree = "<group>"; };
		FB1F509420C3BF72009E5897 /* JXMemoryCacheRecord.h */ = {isa = PBXFileReference; lastKnownFileType = sourcecode.c.h; path = JXMemoryCacheRecord.h; sourceTree = "<group>"; };
		FB1F509520C3BF72009E5897 /* JXMemoryCacheRecord.m */ = {isa = PBXFileReference; lastKnownFileType = sourcecode.c.objc; path = JXMemoryCacheRecord.m; sourceTree = "<group>"; };
/* End PBXFileReference section */

/* Begin PBXFrameworksBuildPhase section */
		78275CA9209BFE2500CE63A8 /* Frameworks */ = {
			isa = PBXFrameworksBuildPhase;
			buildActionMask = 2147483647;
			files = (
				2728D792A97D428D88733E59 /* libPods-JXNetworking.a in Frameworks */,
			);
			runOnlyForDeploymentPostprocessing = 0;
		};
		78275CC1209BFE2600CE63A8 /* Frameworks */ = {
			isa = PBXFrameworksBuildPhase;
			buildActionMask = 2147483647;
			files = (
			);
			runOnlyForDeploymentPostprocessing = 0;
		};
/* End PBXFrameworksBuildPhase section */

/* Begin PBXGroup section */
		24AD5F63178697F79509CAE2 /* Frameworks */ = {
			isa = PBXGroup;
			children = (
				A472871FE32200CDB7DF2BCB /* libPods-JXNetworking.a */,
			);
			name = Frameworks;
			sourceTree = "<group>";
		};
		483589B7201624F0D167EE64 /* Pods */ = {
			isa = PBXGroup;
			children = (
				2A1A860960D908591A18DA87 /* Pods-JXNetworking.debug.xcconfig */,
				A4BA113CCA1BBF2ACB9FF669 /* Pods-JXNetworking.release.xcconfig */,
			);
			name = Pods;
			sourceTree = "<group>";
		};
		780F8EBD209D9F7F0004918B /* NSDictionary */ = {
			isa = PBXGroup;
			children = (
				780F8EBE209D9F9C0004918B /* NSDictionary+JXNetworking.h */,
				780F8EBF209D9F9C0004918B /* NSDictionary+JXNetworking.m */,
			);
			path = NSDictionary;
			sourceTree = "<group>";
		};
		780F8EC4209FF0900004918B /* Demo */ = {
			isa = PBXGroup;
			children = (
				78ECB10E20A92FAA0088B73B /* UIScrollView+PullUp.h */,
				78ECB10F20A92FAA0088B73B /* UIScrollView+PullUp.m */,
				78ECB11520A969A50088B73B /* Cell */,
				78ECB11120A932700088B73B /* ViewModel */,
				78ECB10A20A92E8F0088B73B /* DataReformer */,
				78ECB0FF20A58F1E0088B73B /* APIManager */,
				780F8EC5209FF0A30004918B /* Service */,
			);
			path = Demo;
			sourceTree = "<group>";
		};
		780F8EC5209FF0A30004918B /* Service */ = {
			isa = PBXGroup;
			children = (
				780F8EC6209FF0E00004918B /* JXDemoService.h */,
				780F8EC7209FF0E00004918B /* JXDemoService.m */,
				780F8ECA209FF3A30004918B /* Target_JXDemoService.h */,
				780F8ECB209FF3A30004918B /* Target_JXDemoService.m */,
			);
			path = Service;
			sourceTree = "<group>";
		};
		7812B696209C357800A5CE33 /* Logger */ = {
			isa = PBXGroup;
			children = (
				7812B697209C358B00A5CE33 /* JXLogger.h */,
				7812B698209C358B00A5CE33 /* JXLogger.m */,
			);
			path = Logger;
			sourceTree = "<group>";
		};
		7812B69A209C35A500A5CE33 /* Services */ = {
			isa = PBXGroup;
			children = (
				78BD70AC209C3AF2007F44BA /* JXServiceProtocol.h */,
				78BD70AF209C3D26007F44BA /* JXServiceFactory.h */,
				78BD70B0209C3D26007F44BA /* JXServiceFactory.m */,
			);
			path = Services;
			sourceTree = "<group>";
		};
		78275CA3209BFE2500CE63A8 = {
			isa = PBXGroup;
			children = (
				78275CAE209BFE2500CE63A8 /* JXNetworking */,
				78275CC7209BFE2600CE63A8 /* JXNetworkingTests */,
				78275CAD209BFE2500CE63A8 /* Products */,
				483589B7201624F0D167EE64 /* Pods */,
				24AD5F63178697F79509CAE2 /* Frameworks */,
			);
			sourceTree = "<group>";
		};
		78275CAD209BFE2500CE63A8 /* Products */ = {
			isa = PBXGroup;
			children = (
				78275CAC209BFE2500CE63A8 /* JXNetworking.app */,
				78275CC4209BFE2600CE63A8 /* JXNetworkingTests.xctest */,
			);
			name = Products;
			sourceTree = "<group>";
		};
		78275CAE209BFE2500CE63A8 /* JXNetworking */ = {
			isa = PBXGroup;
			children = (
				78275CD3209BFE9E00CE63A8 /* JXNetworking */,
				780F8EC4209FF0900004918B /* Demo */,
				78275CAF209BFE2500CE63A8 /* AppDelegate.h */,
				78275CB0209BFE2500CE63A8 /* AppDelegate.m */,
				78275CB2209BFE2500CE63A8 /* ViewController.h */,
				78275CB3209BFE2500CE63A8 /* ViewController.m */,
				78275CB5209BFE2500CE63A8 /* Main.storyboard */,
				78275CB8209BFE2600CE63A8 /* Assets.xcassets */,
				78275CBA209BFE2600CE63A8 /* LaunchScreen.storyboard */,
				78275CBD209BFE2600CE63A8 /* Info.plist */,
				78275CBE209BFE2600CE63A8 /* main.m */,
			);
			path = JXNetworking;
			sourceTree = "<group>";
		};
		78275CC7209BFE2600CE63A8 /* JXNetworkingTests */ = {
			isa = PBXGroup;
			children = (
				78275CC8209BFE2600CE63A8 /* JXNetworkingTests.m */,
				78275CCA209BFE2600CE63A8 /* Info.plist */,
			);
			path = JXNetworkingTests;
			sourceTree = "<group>";
		};
		78275CD3209BFE9E00CE63A8 /* JXNetworking */ = {
			isa = PBXGroup;
			children = (
				78BD70BE209C6B5A007F44BA /* Category */,
				7812B69A209C35A500A5CE33 /* Services */,
				78275CD4209BFEB300CE63A8 /* Components */,
				7812B69C209C363A00A5CE33 /* JXNetworkingDefines.h */,
				780F8EC9209FF1000004918B /* JXNetworking.h */,
			);
			path = JXNetworking;
			sourceTree = "<group>";
		};
		78275CD4209BFEB300CE63A8 /* Components */ = {
			isa = PBXGroup;
			children = (
				78BD70B7209C5D4B007F44BA /* Cache */,
				7812B696209C357800A5CE33 /* Logger */,
				78275CDA209C01C300CE63A8 /* APIProxy */,
				78275CD6209BFECD00CE63A8 /* Response */,
				78275CD5209BFEBA00CE63A8 /* APIManager */,
			);
			path = Components;
			sourceTree = "<group>";
		};
		78275CD5209BFEBA00CE63A8 /* APIManager */ = {
			isa = PBXGroup;
			children = (
				78BD70B4209C45D0007F44BA /* JXBaseAPIManager.h */,
				78BD70B5209C45D0007F44BA /* JXBaseAPIManager.m */,
			);
			path = APIManager;
			sourceTree = "<group>";
		};
		78275CD6209BFECD00CE63A8 /* Response */ = {
			isa = PBXGroup;
			children = (
				78275CD7209BFF4300CE63A8 /* JXResponseObject.h */,
				78275CD8209BFF4300CE63A8 /* JXResponseObject.m */,
			);
			path = Response;
			sourceTree = "<group>";
		};
		78275CDA209C01C300CE63A8 /* APIProxy */ = {
			isa = PBXGroup;
			children = (
				78275CDB209C01E100CE63A8 /* JXAPIProxy.h */,
				78275CDC209C01E100CE63A8 /* JXAPIProxy.m */,
			);
			path = APIProxy;
			sourceTree = "<group>";
		};
		78BD70B7209C5D4B007F44BA /* Cache */ = {
			isa = PBXGroup;
			children = (
				78BD70B8209C62C8007F44BA /* JXCacheProxy.h */,
				78BD70B9209C62C8007F44BA /* JXCacheProxy.m */,
				FB1F508F20C3BEF9009E5897 /* MemoryCache */,
				78BD70BC209C66BB007F44BA /* DiskCache */,
			);
			path = Cache;
			sourceTree = "<group>";
		};
		78BD70BC209C66BB007F44BA /* DiskCache */ = {
			isa = PBXGroup;
			children = (
				780F8EBA209D8DE30004918B /* JXDiskCacheManager.h */,
				780F8EBB209D8DE30004918B /* JXDiskCacheManager.m */,
			);
			path = DiskCache;
			sourceTree = "<group>";
		};
		78BD70BE209C6B5A007F44BA /* Category */ = {
			isa = PBXGroup;
			children = (
				78ECB12220A992200088B73B /* Reactive */,
				780F8EBD209D9F7F0004918B /* NSDictionary */,
				78BD70BF209C6B8A007F44BA /* NSURLRequest */,
			);
			path = Category;
			sourceTree = "<group>";
		};
		78BD70BF209C6B8A007F44BA /* NSURLRequest */ = {
			isa = PBXGroup;
			children = (
				78BD70C0209C6BDE007F44BA /* NSURLRequest+JXNetworking.h */,
				78BD70C1209C6BDE007F44BA /* NSURLRequest+JXNetworking.m */,
			);
			path = NSURLRequest;
			sourceTree = "<group>";
		};
		78ECB0FF20A58F1E0088B73B /* APIManager */ = {
			isa = PBXGroup;
			children = (
				78ECB10020A58F400088B73B /* JXDemoManager.h */,
				78ECB10120A58F400088B73B /* JXDemoManager.m */,
				78ECB10320A58F520088B73B /* JXPageableDemoManager.h */,
				78ECB10420A58F520088B73B /* JXPageableDemoManager.m */,
			);
			path = APIManager;
			sourceTree = "<group>";
		};
		78ECB10A20A92E8F0088B73B /* DataReformer */ = {
			isa = PBXGroup;
			children = (
				78ECB10B20A92ED10088B73B /* JXPageableDemoDataReformer.h */,
				78ECB10C20A92ED10088B73B /* JXPageableDemoDataReformer.m */,
			);
			path = DataReformer;
			sourceTree = "<group>";
		};
		78ECB11120A932700088B73B /* ViewModel */ = {
			isa = PBXGroup;
			children = (
				78ECB11220A932810088B73B /* JXDemoViewModel.h */,
				78ECB11320A932810088B73B /* JXDemoViewModel.m */,
			);
			path = ViewModel;
			sourceTree = "<group>";
		};
		78ECB11520A969A50088B73B /* Cell */ = {
			isa = PBXGroup;
			children = (
				78ECB11620A969C60088B73B /* JXDemoCell.h */,
				78ECB11720A969C60088B73B /* JXDemoCell.m */,
			);
			path = Cell;
			sourceTree = "<group>";
		};
		78ECB12220A992200088B73B /* Reactive */ = {
			isa = PBXGroup;
			children = (
				78ECB11F20A992170088B73B /* JXNetworking+Reactive.h */,
				78ECB12020A992170088B73B /* JXNetworking+Reactive.m */,
			);
			path = Reactive;
			sourceTree = "<group>";
		};
		FB1F508F20C3BEF9009E5897 /* MemoryCache */ = {
			isa = PBXGroup;
			children = (
				FB1F509320C3BF4C009E5897 /* Record */,
				FB1F509020C3BF31009E5897 /* JXMemoryCacheManager.h */,
				FB1F509120C3BF31009E5897 /* JXMemoryCacheManager.m */,
			);
			path = MemoryCache;
			sourceTree = "<group>";
		};
		FB1F509320C3BF4C009E5897 /* Record */ = {
			isa = PBXGroup;
			children = (
				FB1F509420C3BF72009E5897 /* JXMemoryCacheRecord.h */,
				FB1F509520C3BF72009E5897 /* JXMemoryCacheRecord.m */,
			);
			path = Record;
			sourceTree = "<group>";
		};
/* End PBXGroup section */

/* Begin PBXNativeTarget section */
		78275CAB209BFE2500CE63A8 /* JXNetworking */ = {
			isa = PBXNativeTarget;
			buildConfigurationList = 78275CCD209BFE2600CE63A8 /* Build configuration list for PBXNativeTarget "JXNetworking" */;
			buildPhases = (
				3E76287763FC276FF261B044 /* [CP] Check Pods Manifest.lock */,
				78275CA8209BFE2500CE63A8 /* Sources */,
				78275CA9209BFE2500CE63A8 /* Frameworks */,
				78275CAA209BFE2500CE63A8 /* Resources */,
				126D9AC28ABFD1A13D44E509 /* [CP] Embed Pods Frameworks */,
				87D55E3272CA0C1F2C9C61EA /* [CP] Copy Pods Resources */,
			);
			buildRules = (
			);
			dependencies = (
			);
			name = JXNetworking;
			productName = JXNetworking;
			productReference = 78275CAC209BFE2500CE63A8 /* JXNetworking.app */;
			productType = "com.apple.product-type.application";
		};
		78275CC3209BFE2600CE63A8 /* JXNetworkingTests */ = {
			isa = PBXNativeTarget;
			buildConfigurationList = 78275CD0209BFE2600CE63A8 /* Build configuration list for PBXNativeTarget "JXNetworkingTests" */;
			buildPhases = (
				78275CC0209BFE2600CE63A8 /* Sources */,
				78275CC1209BFE2600CE63A8 /* Frameworks */,
				78275CC2209BFE2600CE63A8 /* Resources */,
			);
			buildRules = (
			);
			dependencies = (
				78275CC6209BFE2600CE63A8 /* PBXTargetDependency */,
			);
			name = JXNetworkingTests;
			productName = JXNetworkingTests;
			productReference = 78275CC4209BFE2600CE63A8 /* JXNetworkingTests.xctest */;
			productType = "com.apple.product-type.bundle.unit-test";
		};
/* End PBXNativeTarget section */

/* Begin PBXProject section */
		78275CA4209BFE2500CE63A8 /* Project object */ = {
			isa = PBXProject;
			attributes = {
				CLASSPREFIX = JX;
				LastUpgradeCheck = 0930;
				ORGANIZATIONNAME = longjianjiang;
				TargetAttributes = {
					78275CAB209BFE2500CE63A8 = {
						CreatedOnToolsVersion = 9.3;
					};
					78275CC3209BFE2600CE63A8 = {
						CreatedOnToolsVersion = 9.3;
						TestTargetID = 78275CAB209BFE2500CE63A8;
					};
				};
			};
			buildConfigurationList = 78275CA7209BFE2500CE63A8 /* Build configuration list for PBXProject "JXNetworking" */;
			compatibilityVersion = "Xcode 9.3";
			developmentRegion = en;
			hasScannedForEncodings = 0;
			knownRegions = (
				en,
				Base,
			);
			mainGroup = 78275CA3209BFE2500CE63A8;
			productRefGroup = 78275CAD209BFE2500CE63A8 /* Products */;
			projectDirPath = "";
			projectRoot = "";
			targets = (
				78275CAB209BFE2500CE63A8 /* JXNetworking */,
				78275CC3209BFE2600CE63A8 /* JXNetworkingTests */,
			);
		};
/* End PBXProject section */

/* Begin PBXResourcesBuildPhase section */
		78275CAA209BFE2500CE63A8 /* Resources */ = {
			isa = PBXResourcesBuildPhase;
			buildActionMask = 2147483647;
			files = (
				78275CBC209BFE2600CE63A8 /* LaunchScreen.storyboard in Resources */,
				78275CB9209BFE2600CE63A8 /* Assets.xcassets in Resources */,
				78275CB7209BFE2500CE63A8 /* Main.storyboard in Resources */,
			);
			runOnlyForDeploymentPostprocessing = 0;
		};
		78275CC2209BFE2600CE63A8 /* Resources */ = {
			isa = PBXResourcesBuildPhase;
			buildActionMask = 2147483647;
			files = (
			);
			runOnlyForDeploymentPostprocessing = 0;
		};
/* End PBXResourcesBuildPhase section */

/* Begin PBXShellScriptBuildPhase section */
		126D9AC28ABFD1A13D44E509 /* [CP] Embed Pods Frameworks */ = {
			isa = PBXShellScriptBuildPhase;
			buildActionMask = 2147483647;
			files = (
			);
			inputPaths = (
			);
			name = "[CP] Embed Pods Frameworks";
			outputPaths = (
			);
			runOnlyForDeploymentPostprocessing = 0;
			shellPath = /bin/sh;
			shellScript = "\"${SRCROOT}/Pods/Target Support Files/Pods-JXNetworking/Pods-JXNetworking-frameworks.sh\"\n";
			showEnvVarsInLog = 0;
		};
		3E76287763FC276FF261B044 /* [CP] Check Pods Manifest.lock */ = {
			isa = PBXShellScriptBuildPhase;
			buildActionMask = 2147483647;
			files = (
			);
			inputPaths = (
				"${PODS_PODFILE_DIR_PATH}/Podfile.lock",
				"${PODS_ROOT}/Manifest.lock",
			);
			name = "[CP] Check Pods Manifest.lock";
			outputPaths = (
				"$(DERIVED_FILE_DIR)/Pods-JXNetworking-checkManifestLockResult.txt",
			);
			runOnlyForDeploymentPostprocessing = 0;
			shellPath = /bin/sh;
			shellScript = "diff \"${PODS_PODFILE_DIR_PATH}/Podfile.lock\" \"${PODS_ROOT}/Manifest.lock\" > /dev/null\nif [ $? != 0 ] ; then\n    # print error to STDERR\n    echo \"error: The sandbox is not in sync with the Podfile.lock. Run 'pod install' or update your CocoaPods installation.\" >&2\n    exit 1\nfi\n# This output is used by Xcode 'outputs' to avoid re-running this script phase.\necho \"SUCCESS\" > \"${SCRIPT_OUTPUT_FILE_0}\"\n";
			showEnvVarsInLog = 0;
		};
		87D55E3272CA0C1F2C9C61EA /* [CP] Copy Pods Resources */ = {
			isa = PBXShellScriptBuildPhase;
			buildActionMask = 2147483647;
			files = (
			);
			inputPaths = (
			);
			name = "[CP] Copy Pods Resources";
			outputPaths = (
			);
			runOnlyForDeploymentPostprocessing = 0;
			shellPath = /bin/sh;
			shellScript = "\"${SRCROOT}/Pods/Target Support Files/Pods-JXNetworking/Pods-JXNetworking-resources.sh\"\n";
			showEnvVarsInLog = 0;
		};
/* End PBXShellScriptBuildPhase section */

/* Begin PBXSourcesBuildPhase section */
		78275CA8209BFE2500CE63A8 /* Sources */ = {
			isa = PBXSourcesBuildPhase;
			buildActionMask = 2147483647;
			files = (
				78ECB10D20A92ED10088B73B /* JXPageableDemoDataReformer.m in Sources */,
				78ECB11020A92FAA0088B73B /* UIScrollView+PullUp.m in Sources */,
				780F8EBC209D8DE30004918B /* JXDiskCacheManager.m in Sources */,
				78275CB4209BFE2500CE63A8 /* ViewController.m in Sources */,
				78275CDD209C01E100CE63A8 /* JXAPIProxy.m in Sources */,
				78275CD9209BFF4300CE63A8 /* JXResponseObject.m in Sources */,
				78275CBF209BFE2600CE63A8 /* main.m in Sources */,
				78BD70C2209C6BDE007F44BA /* NSURLRequest+JXNetworking.m in Sources */,
				780F8EC0209D9F9C0004918B /* NSDictionary+JXNetworking.m in Sources */,
				78BD70B1209C3D26007F44BA /* JXServiceFactory.m in Sources */,
				78275CB1209BFE2500CE63A8 /* AppDelegate.m in Sources */,
				FB1F509220C3BF31009E5897 /* JXMemoryCacheManager.m in Sources */,
				7812B699209C358B00A5CE33 /* JXLogger.m in Sources */,
				78ECB10520A58F520088B73B /* JXPageableDemoManager.m in Sources */,
				78BD70BA209C62C8007F44BA /* JXCacheProxy.m in Sources */,
				78ECB11920A969C60088B73B /* JXDemoCell.m in Sources */,
				78ECB12120A992170088B73B /* JXNetworking+Reactive.m in Sources */,
				780F8EC8209FF0E00004918B /* JXDemoService.m in Sources */,
				78ECB10220A58F400088B73B /* JXDemoManager.m in Sources */,
				FB1F509620C3BF72009E5897 /* JXMemoryCacheRecord.m in Sources */,
				78BD70B6209C45D0007F44BA /* JXBaseAPIManager.m in Sources */,
				780F8ECC209FF3A30004918B /* Target_JXDemoService.m in Sources */,
				78ECB11420A932810088B73B /* JXDemoViewModel.m in Sources */,
			);
			runOnlyForDeploymentPostprocessing = 0;
		};
		78275CC0209BFE2600CE63A8 /* Sources */ = {
			isa = PBXSourcesBuildPhase;
			buildActionMask = 2147483647;
			files = (
				78275CC9209BFE2600CE63A8 /* JXNetworkingTests.m in Sources */,
			);
			runOnlyForDeploymentPostprocessing = 0;
		};
/* End PBXSourcesBuildPhase section */

/* Begin PBXTargetDependency section */
		78275CC6209BFE2600CE63A8 /* PBXTargetDependency */ = {
			isa = PBXTargetDependency;
			target = 78275CAB209BFE2500CE63A8 /* JXNetworking */;
			targetProxy = 78275CC5209BFE2600CE63A8 /* PBXContainerItemProxy */;
		};
/* End PBXTargetDependency section */

/* Begin PBXVariantGroup section */
		78275CB5209BFE2500CE63A8 /* Main.storyboard */ = {
			isa = PBXVariantGroup;
			children = (
				78275CB6209BFE2500CE63A8 /* Base */,
			);
			name = Main.storyboard;
			sourceTree = "<group>";
		};
		78275CBA209BFE2600CE63A8 /* LaunchScreen.storyboard */ = {
			isa = PBXVariantGroup;
			children = (
				78275CBB209BFE2600CE63A8 /* Base */,
			);
			name = LaunchScreen.storyboard;
			sourceTree = "<group>";
		};
/* End PBXVariantGroup section */

/* Begin XCBuildConfiguration section */
		78275CCB209BFE2600CE63A8 /* Debug */ = {
			isa = XCBuildConfiguration;
			buildSettings = {
				ALWAYS_SEARCH_USER_PATHS = NO;
				CLANG_ANALYZER_NONNULL = YES;
				CLANG_ANALYZER_NUMBER_OBJECT_CONVERSION = YES_AGGRESSIVE;
				CLANG_CXX_LANGUAGE_STANDARD = "gnu++14";
				CLANG_CXX_LIBRARY = "libc++";
				CLANG_ENABLE_MODULES = YES;
				CLANG_ENABLE_OBJC_ARC = YES;
				CLANG_ENABLE_OBJC_WEAK = YES;
				CLANG_WARN_BLOCK_CAPTURE_AUTORELEASING = YES;
				CLANG_WARN_BOOL_CONVERSION = YES;
				CLANG_WARN_COMMA = YES;
				CLANG_WARN_CONSTANT_CONVERSION = YES;
				CLANG_WARN_DEPRECATED_OBJC_IMPLEMENTATIONS = YES;
				CLANG_WARN_DIRECT_OBJC_ISA_USAGE = YES_ERROR;
				CLANG_WARN_DOCUMENTATION_COMMENTS = YES;
				CLANG_WARN_EMPTY_BODY = YES;
				CLANG_WARN_ENUM_CONVERSION = YES;
				CLANG_WARN_INFINITE_RECURSION = YES;
				CLANG_WARN_INT_CONVERSION = YES;
				CLANG_WARN_NON_LITERAL_NULL_CONVERSION = YES;
				CLANG_WARN_OBJC_IMPLICIT_RETAIN_SELF = YES;
				CLANG_WARN_OBJC_LITERAL_CONVERSION = YES;
				CLANG_WARN_OBJC_ROOT_CLASS = YES_ERROR;
				CLANG_WARN_RANGE_LOOP_ANALYSIS = YES;
				CLANG_WARN_STRICT_PROTOTYPES = YES;
				CLANG_WARN_SUSPICIOUS_MOVE = YES;
				CLANG_WARN_UNGUARDED_AVAILABILITY = YES_AGGRESSIVE;
				CLANG_WARN_UNREACHABLE_CODE = YES;
				CLANG_WARN__DUPLICATE_METHOD_MATCH = YES;
				CODE_SIGN_IDENTITY = "iPhone Developer";
				COPY_PHASE_STRIP = NO;
				DEBUG_INFORMATION_FORMAT = dwarf;
				ENABLE_STRICT_OBJC_MSGSEND = YES;
				ENABLE_TESTABILITY = YES;
				GCC_C_LANGUAGE_STANDARD = gnu11;
				GCC_DYNAMIC_NO_PIC = NO;
				GCC_NO_COMMON_BLOCKS = YES;
				GCC_OPTIMIZATION_LEVEL = 0;
				GCC_PREPROCESSOR_DEFINITIONS = (
					"DEBUG=1",
					"$(inherited)",
				);
				GCC_WARN_64_TO_32_BIT_CONVERSION = YES;
				GCC_WARN_ABOUT_RETURN_TYPE = YES_ERROR;
				GCC_WARN_UNDECLARED_SELECTOR = YES;
				GCC_WARN_UNINITIALIZED_AUTOS = YES_AGGRESSIVE;
				GCC_WARN_UNUSED_FUNCTION = YES;
				GCC_WARN_UNUSED_VARIABLE = YES;
				IPHONEOS_DEPLOYMENT_TARGET = 11.3;
				MTL_ENABLE_DEBUG_INFO = YES;
				ONLY_ACTIVE_ARCH = YES;
				SDKROOT = iphoneos;
			};
			name = Debug;
		};
		78275CCC209BFE2600CE63A8 /* Release */ = {
			isa = XCBuildConfiguration;
			buildSettings = {
				ALWAYS_SEARCH_USER_PATHS = NO;
				CLANG_ANALYZER_NONNULL = YES;
				CLANG_ANALYZER_NUMBER_OBJECT_CONVERSION = YES_AGGRESSIVE;
				CLANG_CXX_LANGUAGE_STANDARD = "gnu++14";
				CLANG_CXX_LIBRARY = "libc++";
				CLANG_ENABLE_MODULES = YES;
				CLANG_ENABLE_OBJC_ARC = YES;
				CLANG_ENABLE_OBJC_WEAK = YES;
				CLANG_WARN_BLOCK_CAPTURE_AUTORELEASING = YES;
				CLANG_WARN_BOOL_CONVERSION = YES;
				CLANG_WARN_COMMA = YES;
				CLANG_WARN_CONSTANT_CONVERSION = YES;
				CLANG_WARN_DEPRECATED_OBJC_IMPLEMENTATIONS = YES;
				CLANG_WARN_DIRECT_OBJC_ISA_USAGE = YES_ERROR;
				CLANG_WARN_DOCUMENTATION_COMMENTS = YES;
				CLANG_WARN_EMPTY_BODY = YES;
				CLANG_WARN_ENUM_CONVERSION = YES;
				CLANG_WARN_INFINITE_RECURSION = YES;
				CLANG_WARN_INT_CONVERSION = YES;
				CLANG_WARN_NON_LITERAL_NULL_CONVERSION = YES;
				CLANG_WARN_OBJC_IMPLICIT_RETAIN_SELF = YES;
				CLANG_WARN_OBJC_LITERAL_CONVERSION = YES;
				CLANG_WARN_OBJC_ROOT_CLASS = YES_ERROR;
				CLANG_WARN_RANGE_LOOP_ANALYSIS = YES;
				CLANG_WARN_STRICT_PROTOTYPES = YES;
				CLANG_WARN_SUSPICIOUS_MOVE = YES;
				CLANG_WARN_UNGUARDED_AVAILABILITY = YES_AGGRESSIVE;
				CLANG_WARN_UNREACHABLE_CODE = YES;
				CLANG_WARN__DUPLICATE_METHOD_MATCH = YES;
				CODE_SIGN_IDENTITY = "iPhone Developer";
				COPY_PHASE_STRIP = NO;
				DEBUG_INFORMATION_FORMAT = "dwarf-with-dsym";
				ENABLE_NS_ASSERTIONS = NO;
				ENABLE_STRICT_OBJC_MSGSEND = YES;
				GCC_C_LANGUAGE_STANDARD = gnu11;
				GCC_NO_COMMON_BLOCKS = YES;
				GCC_WARN_64_TO_32_BIT_CONVERSION = YES;
				GCC_WARN_ABOUT_RETURN_TYPE = YES_ERROR;
				GCC_WARN_UNDECLARED_SELECTOR = YES;
				GCC_WARN_UNINITIALIZED_AUTOS = YES_AGGRESSIVE;
				GCC_WARN_UNUSED_FUNCTION = YES;
				GCC_WARN_UNUSED_VARIABLE = YES;
				IPHONEOS_DEPLOYMENT_TARGET = 11.3;
				MTL_ENABLE_DEBUG_INFO = NO;
				SDKROOT = iphoneos;
				VALIDATE_PRODUCT = YES;
			};
			name = Release;
		};
		78275CCE209BFE2600CE63A8 /* Debug */ = {
			isa = XCBuildConfiguration;
			baseConfigurationReference = 2A1A860960D908591A18DA87 /* Pods-JXNetworking.debug.xcconfig */;
			buildSettings = {
				ASSETCATALOG_COMPILER_APPICON_NAME = AppIcon;
				CODE_SIGN_STYLE = Automatic;
				INFOPLIST_FILE = JXNetworking/Info.plist;
				LD_RUNPATH_SEARCH_PATHS = (
					"$(inherited)",
					"@executable_path/Frameworks",
				);
				PRODUCT_BUNDLE_IDENTIFIER = com.longjianjiang.JXNetworking;
				PRODUCT_NAME = "$(TARGET_NAME)";
				TARGETED_DEVICE_FAMILY = "1,2";
			};
			name = Debug;
		};
		78275CCF209BFE2600CE63A8 /* Release */ = {
			isa = XCBuildConfiguration;
			baseConfigurationReference = A4BA113CCA1BBF2ACB9FF669 /* Pods-JXNetworking.release.xcconfig */;
			buildSettings = {
				ASSETCATALOG_COMPILER_APPICON_NAME = AppIcon;
				CODE_SIGN_STYLE = Automatic;
				INFOPLIST_FILE = JXNetworking/Info.plist;
				LD_RUNPATH_SEARCH_PATHS = (
					"$(inherited)",
					"@executable_path/Frameworks",
				);
				PRODUCT_BUNDLE_IDENTIFIER = com.longjianjiang.JXNetworking;
				PRODUCT_NAME = "$(TARGET_NAME)";
				TARGETED_DEVICE_FAMILY = "1,2";
			};
			name = Release;
		};
		78275CD1209BFE2600CE63A8 /* Debug */ = {
			isa = XCBuildConfiguration;
			buildSettings = {
				BUNDLE_LOADER = "$(TEST_HOST)";
				CODE_SIGN_STYLE = Automatic;
				INFOPLIST_FILE = JXNetworkingTests/Info.plist;
				LD_RUNPATH_SEARCH_PATHS = (
					"$(inherited)",
					"@executable_path/Frameworks",
					"@loader_path/Frameworks",
				);
				PRODUCT_BUNDLE_IDENTIFIER = com.longjianjiang.JXNetworkingTests;
				PRODUCT_NAME = "$(TARGET_NAME)";
				TARGETED_DEVICE_FAMILY = "1,2";
				TEST_HOST = "$(BUILT_PRODUCTS_DIR)/JXNetworking.app/JXNetworking";
			};
			name = Debug;
		};
		78275CD2209BFE2600CE63A8 /* Release */ = {
			isa = XCBuildConfiguration;
			buildSettings = {
				BUNDLE_LOADER = "$(TEST_HOST)";
				CODE_SIGN_STYLE = Automatic;
				INFOPLIST_FILE = JXNetworkingTests/Info.plist;
				LD_RUNPATH_SEARCH_PATHS = (
					"$(inherited)",
					"@executable_path/Frameworks",
					"@loader_path/Frameworks",
				);
				PRODUCT_BUNDLE_IDENTIFIER = com.longjianjiang.JXNetworkingTests;
				PRODUCT_NAME = "$(TARGET_NAME)";
				TARGETED_DEVICE_FAMILY = "1,2";
				TEST_HOST = "$(BUILT_PRODUCTS_DIR)/JXNetworking.app/JXNetworking";
			};
			name = Release;
		};
/* End XCBuildConfiguration section */

/* Begin XCConfigurationList section */
		78275CA7209BFE2500CE63A8 /* Build configuration list for PBXProject "JXNetworking" */ = {
			isa = XCConfigurationList;
			buildConfigurations = (
				78275CCB209BFE2600CE63A8 /* Debug */,
				78275CCC209BFE2600CE63A8 /* Release */,
			);
			defaultConfigurationIsVisible = 0;
			defaultConfigurationName = Release;
		};
		78275CCD209BFE2600CE63A8 /* Build configuration list for PBXNativeTarget "JXNetworking" */ = {
			isa = XCConfigurationList;
			buildConfigurations = (
				78275CCE209BFE2600CE63A8 /* Debug */,
				78275CCF209BFE2600CE63A8 /* Release */,
			);
			defaultConfigurationIsVisible = 0;
			defaultConfigurationName = Release;
		};
		78275CD0209BFE2600CE63A8 /* Build configuration list for PBXNativeTarget "JXNetworkingTests" */ = {
			isa = XCConfigurationList;
			buildConfigurations = (
				78275CD1209BFE2600CE63A8 /* Debug */,
				78275CD2209BFE2600CE63A8 /* Release */,
			);
			defaultConfigurationIsVisible = 0;
			defaultConfigurationName = Release;
		};
/* End XCConfigurationList section */
	};
	rootObject = 78275CA4209BFE2500CE63A8 /* Project object */;
}
